
Microsoft Visual Studio Solution File, Format Version 12.00
Project("{FAE04EC0-301F-11D3-BF4B-00C04F79EFBC}") = "Application.Nodes", "Application.Nodes\Application.Nodes.csproj", "{EB5C425D-B6E8-4C38-88AF-5C30E8B23962}"
EndProject
Project("{FAE04EC0-301F-11D3-BF4B-00C04F79EFBC}") = "Persistense", "Persistense\Persistense.csproj", "{83FB54FC-1E5B-4157-AE3B-F8D54490840F}"
EndProject
Project("{FAE04EC0-301F-11D3-BF4B-00C04F79EFBC}") = "WebAPI", "WebAPI\WebAPI.csproj", "{27B8F8D5-4D8B-4DC5-8C1D-31417BA2B21B}"
EndProject
Project("{FAE04EC0-301F-11D3-BF4B-00C04F79EFBC}") = "Application", "Application\Application.csproj", "{D2A36195-A48A-4E74-B608-D49DFF0A7F88}"
EndProject
Project("{FAE04EC0-301F-11D3-BF4B-00C04F79EFBC}") = "Application.CodeActivator", "Application.CodeActivator\Application.CodeActivator.csproj", "{14DD6A90-0A38-40F7-9FD5-031A61310398}"
EndProject
Project("{FAE04EC0-301F-11D3-BF4B-00C04F79EFBC}") = "Common", "Common\Common.csproj", "{53527D81-6430-4528-BE34-5AF7C7312FFB}"
EndProject
Project("{FAE04EC0-301F-11D3-BF4B-00C04F79EFBC}") = "Domain", "Domain\Domain.csproj", "{42B8FED6-3952-464B-AA76-96E5D9A84C1E}"
EndProject
Global
	GlobalSection(SolutionConfigurationPlatforms) = preSolution
		Debug|Any CPU = Debug|Any CPU
		Release|Any CPU = Release|Any CPU
	EndGlobalSection
	GlobalSection(ProjectConfigurationPlatforms) = postSolution
		{EB5C425D-B6E8-4C38-88AF-5C30E8B23962}.Debug|Any CPU.ActiveCfg = Debug|Any CPU
		{EB5C425D-B6E8-4C38-88AF-5C30E8B23962}.Debug|Any CPU.Build.0 = Debug|Any CPU
		{EB5C425D-B6E8-4C38-88AF-5C30E8B23962}.Release|Any CPU.ActiveCfg = Release|Any CPU
		{EB5C425D-B6E8-4C38-88AF-5C30E8B23962}.Release|Any CPU.Build.0 = Release|Any CPU
		{83FB54FC-1E5B-4157-AE3B-F8D54490840F}.Debug|Any CPU.ActiveCfg = Debug|Any CPU
		{83FB54FC-1E5B-4157-AE3B-F8D54490840F}.Debug|Any CPU.Build.0 = Debug|Any CPU
		{83FB54FC-1E5B-4157-AE3B-F8D54490840F}.Release|Any CPU.ActiveCfg = Release|Any CPU
		{83FB54FC-1E5B-4157-AE3B-F8D54490840F}.Release|Any CPU.Build.0 = Release|Any CPU
		{27B8F8D5-4D8B-4DC5-8C1D-31417BA2B21B}.Debug|Any CPU.ActiveCfg = Debug|Any CPU
		{27B8F8D5-4D8B-4DC5-8C1D-31417BA2B21B}.Debug|Any CPU.Build.0 = Debug|Any CPU
		{27B8F8D5-4D8B-4DC5-8C1D-31417BA2B21B}.Release|Any CPU.ActiveCfg = Release|Any CPU
		{27B8F8D5-4D8B-4DC5-8C1D-31417BA2B21B}.Release|Any CPU.Build.0 = Release|Any CPU
		{D2A36195-A48A-4E74-B608-D49DFF0A7F88}.Debug|Any CPU.ActiveCfg = Debug|Any CPU
		{D2A36195-A48A-4E74-B608-D49DFF0A7F88}.Debug|Any CPU.Build.0 = Debug|Any CPU
		{D2A36195-A48A-4E74-B608-D49DFF0A7F88}.Release|Any CPU.ActiveCfg = Release|Any CPU
		{D2A36195-A48A-4E74-B608-D49DFF0A7F88}.Release|Any CPU.Build.0 = Release|Any CPU
		{14DD6A90-0A38-40F7-9FD5-031A61310398}.Debug|Any CPU.ActiveCfg = Debug|Any CPU
		{14DD6A90-0A38-40F7-9FD5-031A61310398}.Debug|Any CPU.Build.0 = Debug|Any CPU
		{14DD6A90-0A38-40F7-9FD5-031A61310398}.Release|Any CPU.ActiveCfg = Release|Any CPU
		{14DD6A90-0A38-40F7-9FD5-031A61310398}.Release|Any CPU.Build.0 = Release|Any CPU
		{53527D81-6430-4528-BE34-5AF7C7312FFB}.Debug|Any CPU.ActiveCfg = Debug|Any CPU
		{53527D81-6430-4528-BE34-5AF7C7312FFB}.Debug|Any CPU.Build.0 = Debug|Any CPU
		{53527D81-6430-4528-BE34-5AF7C7312FFB}.Release|Any CPU.ActiveCfg = Release|Any CPU
		{53527D81-6430-4528-BE34-5AF7C7312FFB}.Release|Any CPU.Build.0 = Release|Any CPU
		{42B8FED6-3952-464B-AA76-96E5D9A84C1E}.Debug|Any CPU.ActiveCfg = Debug|Any CPU
		{42B8FED6-3952-464B-AA76-96E5D9A84C1E}.Debug|Any CPU.Build.0 = Debug|Any CPU
		{42B8FED6-3952-464B-AA76-96E5D9A84C1E}.Release|Any CPU.ActiveCfg = Release|Any CPU
		{42B8FED6-3952-464B-AA76-96E5D9A84C1E}.Release|Any CPU.Build.0 = Release|Any CPU
	EndGlobalSection
EndGlobal
